
Microsoft Visual Studio Solution File, Format Version 12.00
# Visual Studio Version 17
VisualStudioVersion = 17.9.34622.214
MinimumVisualStudioVersion = 10.0.40219.1
Project("{FAE04EC0-301F-11D3-BF4B-00C04F79EFBC}") = "ProjectVsoft", "ProjectVsoft\ProjectVsoft.csproj", "{AB6F8E41-6B25-42FD-880D-9705D4A68959}"
EndProject
Global
	GlobalSection(SolutionConfigurationPlatforms) = preSolution
		Debug|Any CPU = Debug|Any CPU
		Release|Any CPU = Release|Any CPU
	EndGlobalSection
	GlobalSection(ProjectConfigurationPlatforms) = postSolution
		{AB6F8E41-6B25-42FD-880D-9705D4A68959}.Debug|Any CPU.ActiveCfg = Debug|Any CPU
		{AB6F8E41-6B25-42FD-880D-9705D4A68959}.Debug|Any CPU.Build.0 = Debug|Any CPU
		{AB6F8E41-6B25-42FD-880D-9705D4A68959}.Release|Any CPU.ActiveCfg = Release|Any CPU
		{AB6F8E41-6B25-42FD-880D-9705D4A68959}.Release|Any CPU.Build.0 = Release|Any CPU
	EndGlobalSection
	GlobalSection(SolutionProperties) = preSolution
		HideSolutionNode = FALSE
	EndGlobalSection
	GlobalSection(ExtensibilityGlobals) = postSolution
		SolutionGuid = {564789D7-79F4-4E27-9380-3554AEB94738}
	EndGlobalSection
EndGlobal
